
Microsoft Visual Studio Solution File, Format Version 11.00
# Visual Studio 2010
Project("{FAE04EC0-301F-11D3-BF4B-00C04F79EFBC}") = "MvcAppWithNuGet19", "MvcAppWithNuGet19\MvcAppWithNuGet19.csproj", "{FA494A88-7D15-412A-B261-376A2A9BD147}"
EndProject
Global
	GlobalSection(SolutionConfigurationPlatforms) = preSolution
		Debug|Any CPU = Debug|Any CPU
		Release|Any CPU = Release|Any CPU
	EndGlobalSection
	GlobalSection(ProjectConfigurationPlatforms) = postSolution
		{FA494A88-7D15-412A-B261-376A2A9BD147}.Debug|Any CPU.ActiveCfg = Debug|Any CPU
		{FA494A88-7D15-412A-B261-376A2A9BD147}.Debug|Any CPU.Build.0 = Debug|Any CPU
		{FA494A88-7D15-412A-B261-376A2A9BD147}.Release|Any CPU.ActiveCfg = Release|Any CPU
		{FA494A88-7D15-412A-B261-376A2A9BD147}.Release|Any CPU.Build.0 = Release|Any CPU
	EndGlobalSection
	GlobalSection(SolutionProperties) = preSolution
		HideSolutionNode = FALSE
	EndGlobalSection
EndGlobal
